<?xml version="1.0" encoding="utf-8"?>
<Project ToolsVersion="4.0" xmlns="http://schemas.microsoft.com/developer/msbuild/2003">
  <ItemGroup>
    <Filter Include="Source Files">
      <UniqueIdentifier>{4FC737F1-C7A5-4376-A066-2A32D752A2FF}</UniqueIdentifier>
      <Extensions>cpp;c;cc;cxx;def;odl;idl;hpj;bat;asm;asmx</Extensions>
    </Filter>
    <Filter Include="Header Files">
      <UniqueIdentifier>{93995380-89BD-4b04-88EB-625FBE52EBFB}</UniqueIdentifier>
      <Extensions>h;hh;hpp;hxx;hm;inl;inc;ipp;xsd</Extensions>
    </Filter>
    <Filter Include="Resource Files">
      <UniqueIdentifier>{67DA6AB6-F800-4c08-8B7A-83BB121AAD01}</UniqueIdentifier>
      <Extensions>rc;ico;cur;bmp;dlg;rc2;rct;bin;rgs;gif;jpg;jpeg;jpe;resx;tiff;tif;png;wav;mfcribbon-ms</Extensions>
    </Filter>
  </ItemGroup>
  <ItemGroup>
    <ClCompile Include="DX12Helpers\d3dApp.cpp">
      <Filter>Source Files</Filter>
    </ClCompile>
    <ClCompile Include="DX12Helpers\d3dUtil.cpp">
      <Filter>Source Files</Filter>
    </ClCompile>
    <ClCompile Include="DX12Helpers\GameTimer.cpp">
      <Filter>Source Files</Filter>
    </ClCompile>
    <ClCompile Include="source\DX12Toolkit\Src\BinaryReader.cpp">
      <Filter>Source Files</Filter>
    </ClCompile>
    <ClCompile Include="source\DX12Toolkit\Src\BufferHelpers.cpp">
      <Filter>Source Files</Filter>
    </ClCompile>
    <ClCompile Include="source\DX12Toolkit\Src\DescriptorHeap.cpp">
      <Filter>Source Files</Filter>
    </ClCompile>
    <ClCompile Include="source\DX12Toolkit\Src\DirectXHelpers.cpp">
      <Filter>Source Files</Filter>
    </ClCompile>
    <ClCompile Include="source\DX12Toolkit\Src\GraphicsMemory.cpp">
      <Filter>Source Files</Filter>
    </ClCompile>
    <ClCompile Include="source\DX12Toolkit\Src\LinearAllocator.cpp">
      <Filter>Source Files</Filter>
    </ClCompile>
    <ClCompile Include="source\DX12Toolkit\Src\pch.cpp">
      <Filter>Source Files</Filter>
    </ClCompile>
    <ClCompile Include="source\DX12Toolkit\Src\ResourceUploadBatch.cpp">
      <Filter>Source Files</Filter>
    </ClCompile>
    <ClCompile Include="source\GraphicsExceptions\DxgiInfoManager.cpp">
      <Filter>Source Files</Filter>
    </ClCompile>
    <ClCompile Include="source\GraphicsExceptions\GraphicsException.cpp">
      <Filter>Source Files</Filter>
    </ClCompile>
    <ClCompile Include="source\RenderDeviceDX12.cpp">
      <Filter>Source Files</Filter>
    </ClCompile>
  </ItemGroup>
  <ItemGroup>
    <ClInclude Include="DX12Helpers\d3dApp.h">
      <Filter>Header Files</Filter>
    </ClInclude>
    <ClInclude Include="DX12Helpers\d3dUtil.h">
      <Filter>Header Files</Filter>
    </ClInclude>
    <ClInclude Include="DX12Helpers\d3dx12.h">
      <Filter>Header Files</Filter>
    </ClInclude>
    <ClInclude Include="DX12Helpers\GameTimer.h">
      <Filter>Header Files</Filter>
    </ClInclude>
    <ClInclude Include="DX12Helpers\UploadBuffer.h">
      <Filter>Header Files</Filter>
    </ClInclude>
    <ClInclude Include="include\RenderDeviceDX12.h">
      <Filter>Header Files</Filter>
    </ClInclude>
    <ClInclude Include="source\DX12Toolkit\BufferHelpers.h">
      <Filter>Header Files</Filter>
    </ClInclude>
    <ClInclude Include="source\DX12Toolkit\DescriptorHeap.h">
      <Filter>Header Files</Filter>
    </ClInclude>
    <ClInclude Include="source\DX12Toolkit\DirectXHelpers.h">
      <Filter>Header Files</Filter>
    </ClInclude>
    <ClInclude Include="source\DX12Toolkit\DX12PipelineStateDescription.h">
      <Filter>Header Files</Filter>
    </ClInclude>
    <ClInclude Include="source\DX12Toolkit\GeometricPrimitive.h">
      <Filter>Header Files</Filter>
    </ClInclude>
    <ClInclude Include="source\DX12Toolkit\GraphicsMemory.h">
      <Filter>Header Files</Filter>
    </ClInclude>
    <ClInclude Include="source\DX12Toolkit\RenderTargetState.h">
      <Filter>Header Files</Filter>
    </ClInclude>
    <ClInclude Include="source\DX12Toolkit\Src\AlignedNew.h">
      <Filter>Header Files</Filter>
    </ClInclude>
    <ClInclude Include="source\DX12Toolkit\Src\BinaryReader.h">
      <Filter>Header Files</Filter>
    </ClInclude>
    <ClInclude Include="source\DX12Toolkit\Src\DemandCreate.h">
      <Filter>Header Files</Filter>
    </ClInclude>
    <ClInclude Include="source\DX12Toolkit\Src\LinearAllocator.h">
      <Filter>Header Files</Filter>
    </ClInclude>
    <ClInclude Include="source\DX12Toolkit\Src\pch.h">
      <Filter>Header Files</Filter>
    </ClInclude>
    <ClInclude Include="source\DX12Toolkit\Src\PlatformHelpers.h">
      <Filter>Header Files</Filter>
    </ClInclude>
    <ClInclude Include="source\DX12Toolkit\Src\SharedResourcePool.h">
      <Filter>Header Files</Filter>
    </ClInclude>
    <ClInclude Include="source\GraphicsExceptions\DxgiInfoManager.h">
      <Filter>Header Files</Filter>
    </ClInclude>
    <ClInclude Include="source\GraphicsExceptions\GraphicsException.h">
      <Filter>Header Files</Filter>
    </ClInclude>
    <ClInclude Include="source\GraphicsExceptions\GraphicsExceptionsDefines.h">
      <Filter>Header Files</Filter>
    </ClInclude>
    <ClInclude Include="source\GVMToDx12.h">
      <Filter>Header Files</Filter>
    </ClInclude>
    <ClInclude Include="source\DX12Toolkit\ResourceUploadBatch.h">
      <Filter>Header Files</Filter>
    </ClInclude>
    <ClInclude Include="include\winHandlerdx12.h">
      <Filter>Header Files</Filter>
    </ClInclude>
    <ClInclude Include="include\SID.h">
      <Filter>Header Files</Filter>
    </ClInclude>
  </ItemGroup>
  <ItemGroup>
    <None Include="packages.config" />
  </ItemGroup>
</Project>