<?xml version="1.0" encoding="utf-8"?>
<Project ToolsVersion="4.0" xmlns="http://schemas.microsoft.com/developer/msbuild/2003">
  <ItemGroup>
    <Filter Include="Source Files">
      <UniqueIdentifier>{4FC737F1-C7A5-4376-A066-2A32D752A2FF}</UniqueIdentifier>
      <Extensions>cpp;c;cc;cxx;def;odl;idl;hpj;bat;asm;asmx</Extensions>
    </Filter>
    <Filter Include="Header Files">
      <UniqueIdentifier>{93995380-89BD-4b04-88EB-625FBE52EBFB}</UniqueIdentifier>
      <Extensions>h;hh;hpp;hxx;hm;inl;inc;ipp;xsd</Extensions>
    </Filter>
    <Filter Include="Resource Files">
      <UniqueIdentifier>{67DA6AB6-F800-4c08-8B7A-83BB121AAD01}</UniqueIdentifier>
      <Extensions>rc;ico;cur;bmp;dlg;rc2;rct;bin;rgs;gif;jpg;jpeg;jpe;resx;tiff;tif;png;wav;mfcribbon-ms</Extensions>
    </Filter>
  </ItemGroup>
  <ItemGroup>
    <ClCompile Include="GVMBaseStructures.cpp">
      <Filter>Source Files</Filter>
    </ClCompile>
    <ClCompile Include="include\GVMBaseStructures\PipelineStates\BlendState.cpp">
      <Filter>Source Files</Filter>
    </ClCompile>
    <ClCompile Include="include\GVMBaseStructures\PipelineStates\DepthStencilState.cpp">
      <Filter>Source Files</Filter>
    </ClCompile>
    <ClCompile Include="include\GVMBaseStructures\PipelineStates\RasterizerState.cpp">
      <Filter>Source Files</Filter>
    </ClCompile>
    <ClCompile Include="include\GVMBaseStructures\PipelineStates\SamplerState.cpp">
      <Filter>Source Files</Filter>
    </ClCompile>
    <ClCompile Include="include\GVMBaseStructures\PipelineStates\Viewport.cpp">
      <Filter>Source Files</Filter>
    </ClCompile>
    <ClCompile Include="include\GVMBaseStructures\RenderDeviceInitParams.cpp">
      <Filter>Source Files</Filter>
    </ClCompile>
    <ClCompile Include="include\GVMBaseStructures\ResourceViews\BaseViews.cpp">
      <Filter>Source Files</Filter>
    </ClCompile>
    <ClCompile Include="include\GVMBaseStructures\ResourceViews\ResourceDesc.cpp">
      <Filter>Source Files</Filter>
    </ClCompile>
    <ClCompile Include="include\GVMBaseStructures\ResourceViews\ShaderResourceViewDesc.cpp">
      <Filter>Source Files</Filter>
    </ClCompile>
    <ClCompile Include="include\GVMBaseStructures\Shader.cpp">
      <Filter>Source Files</Filter>
    </ClCompile>
    <ClCompile Include="include\GVMBaseStructures\VertexDeclaration.cpp">
      <Filter>Source Files</Filter>
    </ClCompile>
  </ItemGroup>
  <ItemGroup>
    <ClInclude Include="include\GVMBaseStructures.h">
      <Filter>Header Files</Filter>
    </ClInclude>
    <ClInclude Include="include\GVMBaseStructures\GVMEnums.h">
      <Filter>Header Files</Filter>
    </ClInclude>
    <ClInclude Include="include\GVMBaseStructures\IRenderClasses.h">
      <Filter>Header Files</Filter>
    </ClInclude>
    <ClInclude Include="include\GVMBaseStructures\PipelineStates\BaseStateDesc.h">
      <Filter>Header Files</Filter>
    </ClInclude>
    <ClInclude Include="include\GVMBaseStructures\PipelineStates\BlendState.h">
      <Filter>Header Files</Filter>
    </ClInclude>
    <ClInclude Include="include\GVMBaseStructures\PipelineStates\DepthStencilState.h">
      <Filter>Header Files</Filter>
    </ClInclude>
    <ClInclude Include="include\GVMBaseStructures\PipelineStates\RasterizerState.h">
      <Filter>Header Files</Filter>
    </ClInclude>
    <ClInclude Include="include\GVMBaseStructures\PipelineStates\SamplerState.h">
      <Filter>Header Files</Filter>
    </ClInclude>
    <ClInclude Include="include\GVMBaseStructures\PipelineStates\Viewport.h">
      <Filter>Header Files</Filter>
    </ClInclude>
    <ClInclude Include="include\GVMBaseStructures\RenderDeviceInitParams.h">
      <Filter>Header Files</Filter>
    </ClInclude>
    <ClInclude Include="include\GVMBaseStructures\ResourceViews\BaseViews.h">
      <Filter>Header Files</Filter>
    </ClInclude>
    <ClInclude Include="include\GVMBaseStructures\ResourceViews\ResourceDesc.h">
      <Filter>Header Files</Filter>
    </ClInclude>
    <ClInclude Include="include\GVMBaseStructures\ResourceViews\ShaderResourceViewDesc.h">
      <Filter>Header Files</Filter>
    </ClInclude>
    <ClInclude Include="include\GVMBaseStructures\Shader.h">
      <Filter>Header Files</Filter>
    </ClInclude>
    <ClInclude Include="include\GVMBaseStructures\VertexDeclaration.h">
      <Filter>Header Files</Filter>
    </ClInclude>
    <ClInclude Include="include\IRenderDevice.h">
      <Filter>Header Files</Filter>
    </ClInclude>
  </ItemGroup>
</Project>