<?xml version="1.0" encoding="utf-8"?>
<Project ToolsVersion="4.0" xmlns="http://schemas.microsoft.com/developer/msbuild/2003">
  <ItemGroup>
    <Filter Include="Файлы ресурсов">
      <UniqueIdentifier>{67DA6AB6-F800-4c08-8B7A-83BB121AAD01}</UniqueIdentifier>
      <Extensions>rc;ico;cur;bmp;dlg;rc2;rct;bin;rgs;gif;jpg;jpeg;jpe;resx;tiff;tif;png;wav;mfcribbon-ms</Extensions>
    </Filter>
    <Filter Include="Sources">
      <UniqueIdentifier>{4FC737F1-C7A5-4376-A066-2A32D752A2FF}</UniqueIdentifier>
      <Extensions>cpp;c;cc;cxx;c++;cppm;ixx;def;odl;idl;hpj;bat;asm;asmx</Extensions>
    </Filter>
    <Filter Include="Sources\Utils">
      <UniqueIdentifier>{91a4b329-05b3-4d10-a4f7-a88dab47e2a6}</UniqueIdentifier>
    </Filter>
    <Filter Include="Sources\Shaders">
      <UniqueIdentifier>{7b666da1-e239-4cae-841b-801c4398daf6}</UniqueIdentifier>
    </Filter>
    <Filter Include="Sources\Core">
      <UniqueIdentifier>{ae960b2a-ef36-4002-8296-0fbb9429b774}</UniqueIdentifier>
    </Filter>
    <Filter Include="Sources\Core\Exceptions">
      <UniqueIdentifier>{89677da1-fbc8-4791-8bef-735ac1ff287c}</UniqueIdentifier>
    </Filter>
    <Filter Include="Headers">
      <UniqueIdentifier>{93995380-89BD-4b04-88EB-625FBE52EBFB}</UniqueIdentifier>
      <Extensions>h;hh;hpp;hxx;h++;hm;inl;inc;ipp;xsd</Extensions>
    </Filter>
    <Filter Include="Headers\Utils">
      <UniqueIdentifier>{62569c17-569b-4932-88f2-b52603153d22}</UniqueIdentifier>
    </Filter>
    <Filter Include="Headers\Core">
      <UniqueIdentifier>{d4fdf230-daa8-4d13-a287-b105dc470733}</UniqueIdentifier>
    </Filter>
    <Filter Include="Headers\Core\Exceptions">
      <UniqueIdentifier>{537a1489-1a3b-40dc-bfff-0047ead53dab}</UniqueIdentifier>
    </Filter>
    <Filter Include="Headers\Drawables">
      <UniqueIdentifier>{24ea7f58-1074-4779-8a6c-f2d429b05094}</UniqueIdentifier>
    </Filter>
    <Filter Include="Headers\Shaders">
      <UniqueIdentifier>{b65f962d-3ce4-4c1a-adc4-8d2b0e9022f7}</UniqueIdentifier>
    </Filter>
    <Filter Include="Headers\Primitives">
      <UniqueIdentifier>{92ed66fc-60d5-4eb9-b5f6-51ada43130b1}</UniqueIdentifier>
    </Filter>
    <Filter Include="Sources\Primitives">
      <UniqueIdentifier>{add33d80-b5d2-44c2-accb-8ec93f7a4e52}</UniqueIdentifier>
    </Filter>
    <Filter Include="Headers\D3D11Renderer">
      <UniqueIdentifier>{c745519e-88f4-4632-a15c-d1265b4d3507}</UniqueIdentifier>
    </Filter>
    <Filter Include="Sources\D3D11Renderer">
      <UniqueIdentifier>{db08a748-d620-4db3-bc3e-94db34d8249e}</UniqueIdentifier>
    </Filter>
  </ItemGroup>
  <ItemGroup>
    <ClInclude Include="RenderEngine.h">
      <Filter>Headers</Filter>
    </ClInclude>
    <ClInclude Include="Utils\include\Geometry.h">
      <Filter>Headers\Utils</Filter>
    </ClInclude>
    <ClInclude Include="Utils\include\SimpleMath.h">
      <Filter>Headers\Utils</Filter>
    </ClInclude>
    <ClInclude Include="Utils\include\VertexTypes.h">
      <Filter>Headers\Utils</Filter>
    </ClInclude>
    <ClInclude Include="Bezier.h">
      <Filter>Headers\Utils</Filter>
    </ClInclude>
    <ClInclude Include="Graphics.h">
      <Filter>Headers\Core</Filter>
    </ClInclude>
    <ClInclude Include="DxgiInfoManager.h">
      <Filter>Headers\Core\Exceptions</Filter>
    </ClInclude>
    <ClInclude Include="GraphicsException.h">
      <Filter>Headers\Core\Exceptions</Filter>
    </ClInclude>
    <ClInclude Include="pch.h">
      <Filter>Headers</Filter>
    </ClInclude>
    <ClInclude Include="resource.h">
      <Filter>Headers</Filter>
    </ClInclude>
    <ClInclude Include="GraphicsBase.h">
      <Filter>Headers\Core</Filter>
    </ClInclude>
    <ClInclude Include="Drawable.h">
      <Filter>Headers\Core</Filter>
    </ClInclude>
    <ClInclude Include="PixelShader2D.h">
      <Filter>Headers\Shaders</Filter>
    </ClInclude>
    <ClInclude Include="VertexShader2D.h">
      <Filter>Headers\Shaders</Filter>
    </ClInclude>
    <ClInclude Include="Manager2D.h">
      <Filter>Headers\Core</Filter>
    </ClInclude>
    <ClInclude Include="TexturesManager.h">
      <Filter>Headers\Core</Filter>
    </ClInclude>
    <ClInclude Include="Texture.h">
      <Filter>Headers\Primitives</Filter>
    </ClInclude>
    <ClInclude Include="GDIPlusManager.h">
      <Filter>Headers\Utils</Filter>
    </ClInclude>
    <ClInclude Include="D3D11Renderer.h">
      <Filter>Headers\D3D11Renderer</Filter>
    </ClInclude>
    <ClInclude Include="Utils.h">
      <Filter>Headers\D3D11Renderer</Filter>
    </ClInclude>
    <ClInclude Include="D3D11Texture.h">
      <Filter>Headers\D3D11Renderer</Filter>
    </ClInclude>
  </ItemGroup>
  <ItemGroup>
    <ClCompile Include="RenderEngine.cpp">
      <Filter>Sources</Filter>
    </ClCompile>
    <ClCompile Include="Utils\src\Geometry.cpp">
      <Filter>Sources\Utils</Filter>
    </ClCompile>
    <ClCompile Include="Utils\src\SimpleMath.cpp">
      <Filter>Sources\Utils</Filter>
    </ClCompile>
    <ClCompile Include="Utils\src\VertexTypes.cpp">
      <Filter>Sources\Utils</Filter>
    </ClCompile>
    <ClCompile Include="pch.cpp">
      <Filter>Sources</Filter>
    </ClCompile>
    <ClCompile Include="Graphics.cpp">
      <Filter>Sources\Core</Filter>
    </ClCompile>
    <ClCompile Include="DxgiInfoManager.cpp">
      <Filter>Sources\Core\Exceptions</Filter>
    </ClCompile>
    <ClCompile Include="GraphicsException.cpp">
      <Filter>Sources\Core\Exceptions</Filter>
    </ClCompile>
    <ClCompile Include="GraphicsBase.cpp">
      <Filter>Sources\Core</Filter>
    </ClCompile>
    <ClCompile Include="PixelShader2D.cpp">
      <Filter>Sources\Shaders</Filter>
    </ClCompile>
    <ClCompile Include="VertexShader2D.cpp">
      <Filter>Sources\Shaders</Filter>
    </ClCompile>
    <ClCompile Include="Manager2D.cpp">
      <Filter>Sources\Core</Filter>
    </ClCompile>
    <ClCompile Include="Drawable.cpp">
      <Filter>Sources</Filter>
    </ClCompile>
    <ClCompile Include="TexturesManager.cpp">
      <Filter>Sources\Core</Filter>
    </ClCompile>
    <ClCompile Include="Texture.cpp">
      <Filter>Sources\Primitives</Filter>
    </ClCompile>
    <ClCompile Include="GDIPlusManager.cpp">
      <Filter>Sources\Utils</Filter>
    </ClCompile>
    <ClCompile Include="D3D11Renderer.cpp">
      <Filter>Sources\D3D11Renderer</Filter>
    </ClCompile>
    <ClCompile Include="D3D11Backbuffer.cpp">
      <Filter>Sources\D3D11Renderer</Filter>
    </ClCompile>
    <ClCompile Include="D3D11Texture.cpp">
      <Filter>Sources\D3D11Renderer</Filter>
    </ClCompile>
  </ItemGroup>
  <ItemGroup>
    <None Include="Utils\include\SimpleMath.inl">
      <Filter>Headers\Utils</Filter>
    </None>
  </ItemGroup>
  <ItemGroup>
    <ResourceCompile Include="DX11RenderEngine.rc">
      <Filter>Файлы ресурсов</Filter>
    </ResourceCompile>
  </ItemGroup>
</Project>