<?xml version="1.0" encoding="utf-8"?>
<Project ToolsVersion="4.0" xmlns="http://schemas.microsoft.com/developer/msbuild/2003">
  <ItemGroup>
    <Filter Include="Файлы ресурсов">
      <UniqueIdentifier>{67DA6AB6-F800-4c08-8B7A-83BB121AAD01}</UniqueIdentifier>
      <Extensions>rc;ico;cur;bmp;dlg;rc2;rct;bin;rgs;gif;jpg;jpeg;jpe;resx;tiff;tif;png;wav;mfcribbon-ms</Extensions>
    </Filter>
    <Filter Include="BaseRenderer">
      <UniqueIdentifier>{3832cc19-e2b2-4518-b61c-5f159712ee92}</UniqueIdentifier>
    </Filter>
    <Filter Include="BaseRenderer\PipelineState">
      <UniqueIdentifier>{2796c052-3746-4281-98f5-f3a0bcf9f2f8}</UniqueIdentifier>
    </Filter>
    <Filter Include="RenderEngine">
      <UniqueIdentifier>{93995380-89BD-4b04-88EB-625FBE52EBFB}</UniqueIdentifier>
      <Extensions>h;hh;hpp;hxx;h++;hm;inl;inc;ipp;xsd</Extensions>
    </Filter>
    <Filter Include="RenderEngine\MathUtils">
      <UniqueIdentifier>{62569c17-569b-4932-88f2-b52603153d22}</UniqueIdentifier>
    </Filter>
    <Filter Include="RenderEngine\Core">
      <UniqueIdentifier>{d4fdf230-daa8-4d13-a287-b105dc470733}</UniqueIdentifier>
    </Filter>
    <Filter Include="RenderEngine\Core\Rendereres">
      <UniqueIdentifier>{62c91bf9-3958-4266-a933-c65cc110b229}</UniqueIdentifier>
    </Filter>
    <Filter Include="RenderEngine\Core\Rendereres\ModelRenderer">
      <UniqueIdentifier>{ec39e981-5513-4ad4-9ac5-ea319d7faf4b}</UniqueIdentifier>
    </Filter>
    <Filter Include="RenderEngine\Core\Rendereres\UIRenderer">
      <UniqueIdentifier>{10c36cb6-4db8-46a0-ab61-51809b141928}</UniqueIdentifier>
    </Filter>
    <Filter Include="RenderEngine\Core\ResourcesManadgers">
      <UniqueIdentifier>{6ad3f412-0964-42b1-9678-c203748fc81d}</UniqueIdentifier>
    </Filter>
    <Filter Include="RenderEngine\Drawables">
      <UniqueIdentifier>{24ea7f58-1074-4779-8a6c-f2d429b05094}</UniqueIdentifier>
    </Filter>
    <Filter Include="RenderEngine\Primitives">
      <UniqueIdentifier>{92ed66fc-60d5-4eb9-b5f6-51ada43130b1}</UniqueIdentifier>
    </Filter>
    <Filter Include="RenderEngine\D3D11Renderer">
      <UniqueIdentifier>{c745519e-88f4-4632-a15c-d1265b4d3507}</UniqueIdentifier>
    </Filter>
    <Filter Include="RenderEngine\Exceptions">
      <UniqueIdentifier>{537a1489-1a3b-40dc-bfff-0047ead53dab}</UniqueIdentifier>
    </Filter>
    <Filter Include="RenderEngine\Core\Rendereres\IMGUIRenederer">
      <UniqueIdentifier>{85607c26-a95b-4493-90ba-0e9726e18d0d}</UniqueIdentifier>
    </Filter>
    <Filter Include="RenderEngine\Core\Rendereres\IMGUIRenederer\imgui">
      <UniqueIdentifier>{7c202802-d8fc-4217-a42d-20f197660f55}</UniqueIdentifier>
    </Filter>
    <Filter Include="RenderEngine\Core\Rendereres\UPRenderer">
      <UniqueIdentifier>{27804002-6a7f-4b40-b5b4-0666ac50afc6}</UniqueIdentifier>
    </Filter>
    <Filter Include="RenderEngine\Core\Rendereres\Q2Shaders">
      <UniqueIdentifier>{2cb9ee52-b219-4cb1-8217-d487081d82a8}</UniqueIdentifier>
    </Filter>
    <Filter Include="RenderEngine\Core\Rendereres\ParticleRenderer">
      <UniqueIdentifier>{a1d9afa2-7b83-42ca-9204-7d278e6f2aed}</UniqueIdentifier>
    </Filter>
    <Filter Include="RenderEngine\Core\Rendereres\SkyboxRenderer">
      <UniqueIdentifier>{20e78bee-05da-4d87-8f1f-472c614c9aa2}</UniqueIdentifier>
    </Filter>
    <Filter Include="RenderEngine\Core\Rendereres\BSPEndRendrerer">
      <UniqueIdentifier>{4c5a04b5-7f8f-41a5-88a4-40012f3d46ee}</UniqueIdentifier>
    </Filter>
    <Filter Include="RenderEngine\Core\Rendereres\BloomRenderer">
      <UniqueIdentifier>{b55baea0-68d2-4f49-83b5-b8ed04ea15c0}</UniqueIdentifier>
    </Filter>
  </ItemGroup>
  <ItemGroup>
    <ClInclude Include="Utils\include\Geometry.h">
      <Filter>RenderEngine\MathUtils</Filter>
    </ClInclude>
    <ClInclude Include="Utils\include\SimpleMath.h">
      <Filter>RenderEngine\MathUtils</Filter>
    </ClInclude>
    <ClInclude Include="Utils\include\VertexTypes.h">
      <Filter>RenderEngine\MathUtils</Filter>
    </ClInclude>
    <ClInclude Include="Bezier.h">
      <Filter>RenderEngine\MathUtils</Filter>
    </ClInclude>
    <ClInclude Include="pch.h">
      <Filter>RenderEngine</Filter>
    </ClInclude>
    <ClInclude Include="resource.h">
      <Filter>RenderEngine</Filter>
    </ClInclude>
    <ClInclude Include="RenderEngine.h">
      <Filter>RenderEngine</Filter>
    </ClInclude>
    <ClInclude Include="imgui\imconfig.h">
      <Filter>RenderEngine\Core\Rendereres\IMGUIRenederer\imgui</Filter>
    </ClInclude>
    <ClInclude Include="imgui\imgui.h">
      <Filter>RenderEngine\Core\Rendereres\IMGUIRenederer\imgui</Filter>
    </ClInclude>
    <ClInclude Include="imgui\imgui_internal.h">
      <Filter>RenderEngine\Core\Rendereres\IMGUIRenederer\imgui</Filter>
    </ClInclude>
    <ClInclude Include="imgui\imstb_rectpack.h">
      <Filter>RenderEngine\Core\Rendereres\IMGUIRenederer\imgui</Filter>
    </ClInclude>
    <ClInclude Include="imgui\imstb_textedit.h">
      <Filter>RenderEngine\Core\Rendereres\IMGUIRenederer\imgui</Filter>
    </ClInclude>
    <ClInclude Include="imgui\imstb_truetype.h">
      <Filter>RenderEngine\Core\Rendereres\IMGUIRenederer\imgui</Filter>
    </ClInclude>
    <ClInclude Include="imgui\imgui_impl_dx11.h">
      <Filter>RenderEngine\Core\Rendereres\IMGUIRenederer\imgui</Filter>
    </ClInclude>
    <ClInclude Include="imgui\imgui_impl_win32.h">
      <Filter>RenderEngine\Core\Rendereres\IMGUIRenederer\imgui</Filter>
    </ClInclude>
    <ClInclude Include="CoreRenderSystem\CoreShaderInclude.h">
      <Filter>RenderEngine</Filter>
    </ClInclude>
    <ClInclude Include="CoreRenderSystem\Graphics.h">
      <Filter>RenderEngine</Filter>
    </ClInclude>
    <ClInclude Include="CoreRenderSystem\GraphicsBase.h">
      <Filter>RenderEngine</Filter>
    </ClInclude>
    <ClInclude Include="CoreRenderSystem\ModelsUtils\ModelData.h">
      <Filter>RenderEngine</Filter>
    </ClInclude>
    <ClInclude Include="CoreRenderSystem\ModelsUtils\ModelUtils.h">
      <Filter>RenderEngine</Filter>
    </ClInclude>
    <ClInclude Include="CoreRenderSystem\Renderers\BloomRenderer\BloomConstBuffer.h">
      <Filter>RenderEngine</Filter>
    </ClInclude>
    <ClInclude Include="CoreRenderSystem\Renderers\BloomRenderer\BloomFactory.h">
      <Filter>RenderEngine</Filter>
    </ClInclude>
    <ClInclude Include="CoreRenderSystem\Renderers\BloomRenderer\BloomRenderer.h">
      <Filter>RenderEngine</Filter>
    </ClInclude>
    <ClInclude Include="CoreRenderSystem\Renderers\IMGUIRenderer\ImGUIRenderer.h">
      <Filter>RenderEngine</Filter>
    </ClInclude>
    <ClInclude Include="CoreRenderSystem\Renderers\ModelRenderer\ModelConstBuffers.h">
      <Filter>RenderEngine</Filter>
    </ClInclude>
    <ClInclude Include="CoreRenderSystem\Renderers\ModelRenderer\ModelRenderer.h">
      <Filter>RenderEngine</Filter>
    </ClInclude>
    <ClInclude Include="CoreRenderSystem\Renderers\ModelRenderer\ModelRendererFactory.h">
      <Filter>RenderEngine</Filter>
    </ClInclude>
    <ClInclude Include="CoreRenderSystem\Renderers\ParticlesRenderer\ParticlesConstBuffer.h">
      <Filter>RenderEngine</Filter>
    </ClInclude>
    <ClInclude Include="CoreRenderSystem\Renderers\ParticlesRenderer\ParticlesRenderer.h">
      <Filter>RenderEngine</Filter>
    </ClInclude>
    <ClInclude Include="CoreRenderSystem\Renderers\ParticlesRenderer\ParticlesRendererFactory.h">
      <Filter>RenderEngine</Filter>
    </ClInclude>
    <ClInclude Include="CoreRenderSystem\Renderers\ParticlesRenderer\ParticlesUtils.h">
      <Filter>RenderEngine</Filter>
    </ClInclude>
    <ClInclude Include="CoreRenderSystem\Renderers\SkyboxRenderer\SkyboxConstBuffers.h">
      <Filter>RenderEngine</Filter>
    </ClInclude>
    <ClInclude Include="CoreRenderSystem\Renderers\SkyboxRenderer\SkyboxRenderer.h">
      <Filter>RenderEngine</Filter>
    </ClInclude>
    <ClInclude Include="CoreRenderSystem\Renderers\SkyboxRenderer\SkyboxRendererFactory.h">
      <Filter>RenderEngine</Filter>
    </ClInclude>
    <ClInclude Include="CoreRenderSystem\Renderers\UIRenderer\UIConstBuffers.h">
      <Filter>RenderEngine</Filter>
    </ClInclude>
    <ClInclude Include="CoreRenderSystem\Renderers\UIRenderer\UIRenderer.h">
      <Filter>RenderEngine</Filter>
    </ClInclude>
    <ClInclude Include="CoreRenderSystem\Renderers\UIRenderer\UIRendererFactory.h">
      <Filter>RenderEngine</Filter>
    </ClInclude>
    <ClInclude Include="CoreRenderSystem\Renderers\UPRenderer\UPConstBuffers.h">
      <Filter>RenderEngine</Filter>
    </ClInclude>
    <ClInclude Include="CoreRenderSystem\Renderers\UPRenderer\UPRenderer.h">
      <Filter>RenderEngine</Filter>
    </ClInclude>
    <ClInclude Include="CoreRenderSystem\Renderers\UPRenderer\UPRendererFactory.h">
      <Filter>RenderEngine</Filter>
    </ClInclude>
    <ClInclude Include="CoreRenderSystem\Renderers\UPRenderer\UPRendererUtils.h">
      <Filter>RenderEngine</Filter>
    </ClInclude>
    <ClInclude Include="CoreRenderSystem\ResourceManagers\ModelsManager.h">
      <Filter>RenderEngine</Filter>
    </ClInclude>
    <ClInclude Include="CoreRenderSystem\ResourceManagers\TexturesManager.h">
      <Filter>RenderEngine</Filter>
    </ClInclude>
    <ClInclude Include="CoreRenderSystem\Utils\DynamicMeshBuffer.h">
      <Filter>RenderEngine</Filter>
    </ClInclude>
    <ClInclude Include="CoreRenderSystem\Utils\TextureData.h">
      <Filter>RenderEngine</Filter>
    </ClInclude>
    <ClInclude Include="CoreRenderSystem\Utils\TransformUtils.h">
      <Filter>RenderEngine</Filter>
    </ClInclude>
    <ClInclude Include="D3D11Renderer\D3D11BackBuffer.h">
      <Filter>RenderEngine</Filter>
    </ClInclude>
    <ClInclude Include="D3D11Renderer\D3D11Buffer.h">
      <Filter>RenderEngine</Filter>
    </ClInclude>
    <ClInclude Include="D3D11Renderer\D3D11RenderBuffer.h">
      <Filter>RenderEngine</Filter>
    </ClInclude>
    <ClInclude Include="D3D11Renderer\D3D11Renderer.h">
      <Filter>RenderEngine</Filter>
    </ClInclude>
    <ClInclude Include="D3D11Renderer\D3D11Shader.h">
      <Filter>RenderEngine</Filter>
    </ClInclude>
    <ClInclude Include="D3D11Renderer\D3D11Shaders.h">
      <Filter>RenderEngine</Filter>
    </ClInclude>
    <ClInclude Include="D3D11Renderer\D3D11Texture.h">
      <Filter>RenderEngine</Filter>
    </ClInclude>
    <ClInclude Include="GraphicsExceptions\DxgiInfoManager.h">
      <Filter>RenderEngine</Filter>
    </ClInclude>
    <ClInclude Include="GraphicsExceptions\GraphicsException.h">
      <Filter>RenderEngine</Filter>
    </ClInclude>
    <ClInclude Include="IRenderer\BlendState.h">
      <Filter>RenderEngine</Filter>
    </ClInclude>
    <ClInclude Include="IRenderer\DepthStencilState.h">
      <Filter>RenderEngine</Filter>
    </ClInclude>
    <ClInclude Include="IRenderer\IRenderer.h">
      <Filter>RenderEngine</Filter>
    </ClInclude>
    <ClInclude Include="IRenderer\PipelineState\PipelineFactory.h">
      <Filter>RenderEngine</Filter>
    </ClInclude>
    <ClInclude Include="IRenderer\PipelineState\PipelineState.h">
      <Filter>RenderEngine</Filter>
    </ClInclude>
    <ClInclude Include="IRenderer\SamplerState.h">
      <Filter>RenderEngine</Filter>
    </ClInclude>
    <ClInclude Include="IRenderer\Utils.h">
      <Filter>RenderEngine</Filter>
    </ClInclude>
    <ClInclude Include="Utils\GDIPlusManager.h">
      <Filter>RenderEngine</Filter>
    </ClInclude>
    <ClInclude Include="CoreRenderSystem\Renderers\FXAARenderer\Fxaa3_11.h">
      <Filter>RenderEngine</Filter>
    </ClInclude>
    <ClInclude Include="CoreRenderSystem\Renderers\FXAARenderer\FXAARenderer.h">
      <Filter>RenderEngine</Filter>
    </ClInclude>
    <ClInclude Include="CoreRenderSystem\Renderers\FXAARenderer\FXAARendererConstBuffer.h">
      <Filter>RenderEngine</Filter>
    </ClInclude>
    <ClInclude Include="CoreRenderSystem\Renderers\FXAARenderer\FXAARendererFactory.h">
      <Filter>RenderEngine</Filter>
    </ClInclude>
    <ClInclude Include="CoreRenderSystem\Renderers\BaseRenderer.h">
      <Filter>RenderEngine</Filter>
    </ClInclude>
    <ClInclude Include="CoreRenderSystem\Renderers\BeamRenderer\BeamConstBuffer.h">
      <Filter>RenderEngine</Filter>
    </ClInclude>
    <ClInclude Include="CoreRenderSystem\Renderers\BeamRenderer\BeamRenderer.h">
      <Filter>RenderEngine</Filter>
    </ClInclude>
    <ClInclude Include="CoreRenderSystem\Renderers\BeamRenderer\BeamRendererFactory.h">
      <Filter>RenderEngine</Filter>
    </ClInclude>
    <ClInclude Include="CoreRenderSystem\Renderers\PPRenderer\PPRenderer.h">
      <Filter>RenderEngine</Filter>
    </ClInclude>
    <ClInclude Include="CoreRenderSystem\Renderers\PPRenderer\PPConstBuffer.h">
      <Filter>RenderEngine</Filter>
    </ClInclude>
    <ClInclude Include="CoreRenderSystem\Renderers\PPRenderer\PPRendererFactory.h">
      <Filter>RenderEngine</Filter>
    </ClInclude>
    <ClInclude Include="CoreRenderSystem\Renderers\MotionBlurRenderer\MotionBlurRenderer.h">
      <Filter>RenderEngine</Filter>
    </ClInclude>
    <ClInclude Include="CoreRenderSystem\Renderers\MotionBlurRenderer\MotionBlurRendererFactory.h">
      <Filter>RenderEngine</Filter>
    </ClInclude>
    <ClInclude Include="CoreRenderSystem\Renderers\MotionBlurRenderer\MotionBlurConstBuffer.h">
      <Filter>RenderEngine</Filter>
    </ClInclude>
    <ClInclude Include="CoreRenderSystem\Renderers\QuadRenderer.h">
      <Filter>RenderEngine</Filter>
    </ClInclude>
    <ClInclude Include="IRenderer\RasterizerState.h">
      <Filter>RenderEngine</Filter>
    </ClInclude>
    <ClInclude Include="CoreRenderSystem\Renderers\TAARenderer\TAARenderer.h">
      <Filter>RenderEngine</Filter>
    </ClInclude>
    <ClInclude Include="CoreRenderSystem\Renderers\TAARenderer\TAARendererConstBuffer.h">
      <Filter>RenderEngine</Filter>
    </ClInclude>
    <ClInclude Include="CoreRenderSystem\Renderers\TAARenderer\TAARendererFactory.h">
      <Filter>RenderEngine</Filter>
    </ClInclude>
    <ClInclude Include="CoreRenderSystem\ResourceManagers\States\BlendStates.h">
      <Filter>RenderEngine</Filter>
    </ClInclude>
    <ClInclude Include="CoreRenderSystem\ResourceManagers\States\DSStates.h">
      <Filter>RenderEngine</Filter>
    </ClInclude>
    <ClInclude Include="CoreRenderSystem\ResourceManagers\States\RasterizerStates.h">
      <Filter>RenderEngine</Filter>
    </ClInclude>
    <ClInclude Include="CoreRenderSystem\ResourceManagers\States\Samplers.h">
      <Filter>RenderEngine</Filter>
    </ClInclude>
    <ClInclude Include="Utils\include\halton.h">
      <Filter>RenderEngine</Filter>
    </ClInclude>
  </ItemGroup>
  <ItemGroup>
    <ClCompile Include="imgui\imgui.cpp">
      <Filter>RenderEngine\Core\Rendereres\IMGUIRenederer\imgui</Filter>
    </ClCompile>
    <ClCompile Include="imgui\imgui_demo.cpp">
      <Filter>RenderEngine\Core\Rendereres\IMGUIRenederer\imgui</Filter>
    </ClCompile>
    <ClCompile Include="imgui\imgui_draw.cpp">
      <Filter>RenderEngine\Core\Rendereres\IMGUIRenederer\imgui</Filter>
    </ClCompile>
    <ClCompile Include="imgui\imgui_tables.cpp">
      <Filter>RenderEngine\Core\Rendereres\IMGUIRenederer\imgui</Filter>
    </ClCompile>
    <ClCompile Include="imgui\imgui_widgets.cpp">
      <Filter>RenderEngine\Core\Rendereres\IMGUIRenederer\imgui</Filter>
    </ClCompile>
    <ClCompile Include="imgui\imgui_impl_dx11.cpp">
      <Filter>RenderEngine\Core\Rendereres\IMGUIRenederer\imgui</Filter>
    </ClCompile>
    <ClCompile Include="imgui\imgui_impl_win32.cpp">
      <Filter>RenderEngine\Core\Rendereres\IMGUIRenederer\imgui</Filter>
    </ClCompile>
    <ClCompile Include="Utils\src\VertexTypes.cpp">
      <Filter>RenderEngine\MathUtils</Filter>
    </ClCompile>
    <ClCompile Include="Utils\src\Geometry.cpp">
      <Filter>RenderEngine\MathUtils</Filter>
    </ClCompile>
    <ClCompile Include="Utils\src\SimpleMath.cpp">
      <Filter>RenderEngine\MathUtils</Filter>
    </ClCompile>
    <ClCompile Include="RenderEngine.cpp">
      <Filter>RenderEngine</Filter>
    </ClCompile>
    <ClCompile Include="pch.cpp">
      <Filter>RenderEngine</Filter>
    </ClCompile>
    <ClCompile Include="CoreRenderSystem\Graphics.cpp" />
    <ClCompile Include="CoreRenderSystem\GraphicsBase.cpp" />
    <ClCompile Include="CoreRenderSystem\ModelsUtils\ModelData.cpp" />
    <ClCompile Include="CoreRenderSystem\Renderers\BloomRenderer\BloomRenderer.cpp" />
    <ClCompile Include="CoreRenderSystem\Renderers\IMGUIRenderer\ImGUIRenderer.cpp" />
    <ClCompile Include="CoreRenderSystem\Renderers\ModelRenderer\ModelRenderer.cpp" />
    <ClCompile Include="CoreRenderSystem\Renderers\ParticlesRenderer\ParticlesRendererer.cpp" />
    <ClCompile Include="CoreRenderSystem\Renderers\ParticlesRenderer\ParticlesRendererFactory.cpp" />
    <ClCompile Include="CoreRenderSystem\Renderers\ParticlesRenderer\ParticlesRendererProvider.cpp" />
    <ClCompile Include="CoreRenderSystem\Renderers\SkyboxRenderer\SkyboxRenderer.cpp" />
    <ClCompile Include="CoreRenderSystem\Renderers\SkyboxRenderer\SkyboxRendererFactory.cpp" />
    <ClCompile Include="CoreRenderSystem\Renderers\UIRenderer\UIRenderer.cpp" />
    <ClCompile Include="CoreRenderSystem\Renderers\UIRenderer\UIRendererFactory.cpp" />
    <ClCompile Include="CoreRenderSystem\Renderers\UPRenderer\UPRenderer.cpp" />
    <ClCompile Include="CoreRenderSystem\Renderers\UPRenderer\UPRendererFactory.cpp" />
    <ClCompile Include="CoreRenderSystem\Renderers\UPRenderer\UPRendererProvider.cpp" />
    <ClCompile Include="CoreRenderSystem\ResourceManagers\ModelsManager.cpp" />
    <ClCompile Include="CoreRenderSystem\ResourceManagers\TexturesManager.cpp" />
    <ClCompile Include="CoreRenderSystem\Utils\TextureData.cpp" />
    <ClCompile Include="CoreRenderSystem\Utils\TransformUtils.cpp" />
    <ClCompile Include="D3D11Renderer\D3D11Renderer.cpp" />
    <ClCompile Include="GraphicsExceptions\DxgiInfoManager.cpp" />
    <ClCompile Include="GraphicsExceptions\GraphicsException.cpp" />
    <ClCompile Include="IRenderer\PipelineState\PipelineFactory.cpp" />
    <ClCompile Include="Utils\GDIPlusManager.cpp" />
    <ClCompile Include="CoreRenderSystem\Renderers\FXAARenderer\FXAARenderer.cpp" />
    <ClCompile Include="CoreRenderSystem\Renderers\BeamRenderer\BeamRendererer.cpp" />
    <ClCompile Include="CoreRenderSystem\Renderers\BeamRenderer\BeamRendererProvider.cpp" />
    <ClCompile Include="CoreRenderSystem\Renderers\PPRenderer\PPRenderer.cpp" />
    <ClCompile Include="CoreRenderSystem\Renderers\MotionBlurRenderer\MotionBlurRenderer.cpp" />
    <ClCompile Include="CoreRenderSystem\Renderers\QuadRenderer.cpp" />
    <ClCompile Include="CoreRenderSystem\Renderers\Shaders\PixelPacking_Velocity.hlsl" />
    <ClCompile Include="CoreRenderSystem\Renderers\TAARenderer\TAARenderer.cpp" />
    <ClCompile Include="CoreRenderSystem\ResourceManagers\States\BlendStates.cpp" />
    <ClCompile Include="CoreRenderSystem\ResourceManagers\States\DSStates.cpp" />
    <ClCompile Include="CoreRenderSystem\ResourceManagers\States\RasterizerStates.cpp" />
    <ClCompile Include="CoreRenderSystem\ResourceManagers\States\Samplers.cpp" />
    <ClCompile Include="Utils\src\halton.cpp" />
  </ItemGroup>
  <ItemGroup>
    <None Include="Utils\include\SimpleMath.inl">
      <Filter>RenderEngine\MathUtils</Filter>
    </None>
    <None Include="packages.config" />
    <None Include="..\..\..\baseq2\MotionBlurShader.hlsl" />
    <None Include="CoreRenderSystem\Renderers\Shaders\MotionBlurShader.hlsl" />
    <None Include="CoreRenderSystem\Renderers\Shaders\BloomShader.hlsl" />
    <None Include="CoreRenderSystem\Renderers\Shaders\BSPShader.hlsl" />
    <None Include="CoreRenderSystem\Renderers\Shaders\FXAAShader.hlsl" />
    <None Include="CoreRenderSystem\Renderers\Shaders\ModelsShader.hlsl" />
    <None Include="CoreRenderSystem\Renderers\Shaders\ParticlesShader.hlsl" />
    <None Include="CoreRenderSystem\Renderers\Shaders\PostProcessShader.hlsl" />
    <None Include="CoreRenderSystem\Renderers\Shaders\SkyShader.hlsl" />
    <None Include="CoreRenderSystem\Renderers\Shaders\UIShader.hlsl" />
    <None Include="CoreRenderSystem\Renderers\Shaders\TAAShader.hlsl" />
  </ItemGroup>
  <ItemGroup>
    <ResourceCompile Include="DX11RenderEngine.rc">
      <Filter>Файлы ресурсов</Filter>
    </ResourceCompile>
  </ItemGroup>
  <ItemGroup>
    <FxCompile Include="..\..\..\baseq2\ModelsShader.hlsl">
      <Filter>RenderEngine\Core\Rendereres\Q2Shaders</Filter>
    </FxCompile>
    <FxCompile Include="..\..\..\baseq2\UIShader.hlsl">
      <Filter>RenderEngine\Core\Rendereres\Q2Shaders</Filter>
    </FxCompile>
    <FxCompile Include="..\..\..\baseq2\BSPShader.hlsl">
      <Filter>RenderEngine\Core\Rendereres\Q2Shaders</Filter>
    </FxCompile>
    <FxCompile Include="..\..\..\baseq2\ParticlesShader.hlsl">
      <Filter>RenderEngine\Core\Rendereres\Q2Shaders</Filter>
    </FxCompile>
    <FxCompile Include="..\..\..\baseq2\SkyShader.hlsl">
      <Filter>RenderEngine\Core\Rendereres\Q2Shaders</Filter>
    </FxCompile>
    <FxCompile Include="..\..\..\baseq2\BloomShader.hlsl" />
    <FxCompile Include="..\..\..\baseq2\FXAAShader.hlsl" />
    <FxCompile Include="..\..\..\baseq2\PostProcessShader.hlsl" />
  </ItemGroup>
</Project>