<?xml version="1.0" encoding="utf-8"?>
<Project ToolsVersion="4.0" xmlns="http://schemas.microsoft.com/developer/msbuild/2003">
  <ItemGroup>
    <Filter Include="Source Files">
      <UniqueIdentifier>{4FC737F1-C7A5-4376-A066-2A32D752A2FF}</UniqueIdentifier>
      <Extensions>cpp;c;cc;cxx;def;odl;idl;hpj;bat;asm;asmx</Extensions>
    </Filter>
    <Filter Include="Header Files">
      <UniqueIdentifier>{93995380-89BD-4b04-88EB-625FBE52EBFB}</UniqueIdentifier>
      <Extensions>h;hh;hpp;hxx;hm;inl;inc;ipp;xsd</Extensions>
    </Filter>
    <Filter Include="Resource Files">
      <UniqueIdentifier>{67DA6AB6-F800-4c08-8B7A-83BB121AAD01}</UniqueIdentifier>
      <Extensions>rc;ico;cur;bmp;dlg;rc2;rct;bin;rgs;gif;jpg;jpeg;jpe;resx;tiff;tif;png;wav;mfcribbon-ms</Extensions>
    </Filter>
    <Filter Include="PBR">
      <UniqueIdentifier>{beec320a-434c-4a85-8f92-01056bb2d5ab}</UniqueIdentifier>
    </Filter>
    <Filter Include="Shaders">
      <UniqueIdentifier>{3a207dcc-7ec9-4484-afd5-b016e13a95f9}</UniqueIdentifier>
    </Filter>
  </ItemGroup>
  <ItemGroup>
    <ClCompile Include="source\pch.cpp">
      <Filter>Source Files</Filter>
    </ClCompile>
    <ClCompile Include="source\RenderEngine.cpp">
      <Filter>Source Files</Filter>
    </ClCompile>
    <ClCompile Include="source\RendererPasses\ModelsRenderPass\ModelsPassConstBuffer.cpp">
      <Filter>Source Files</Filter>
    </ClCompile>
    <ClCompile Include="source\RendererPasses\ModelsRenderPass\ModelsPassProvider.cpp">
      <Filter>Source Files</Filter>
    </ClCompile>
    <ClCompile Include="source\RendererPasses\ModelsRenderPass\ModelsRenderPass.cpp">
      <Filter>Source Files</Filter>
    </ClCompile>
    <ClCompile Include="source\RendererPasses\UIRenderPass\UIRenderPass.cpp">
      <Filter>Source Files</Filter>
    </ClCompile>
    <ClCompile Include="source\RendererPasses\UIRenderPass\UIRenderPassProvider.cpp">
      <Filter>Source Files</Filter>
    </ClCompile>
    <ClCompile Include="source\RenderSystem.cpp">
      <Filter>Source Files</Filter>
    </ClCompile>
    <ClCompile Include="source\ResourceManagers\ModelsManager.cpp">
      <Filter>Source Files</Filter>
    </ClCompile>
    <ClCompile Include="source\ResourceManagers\States\BlendStates.cpp">
      <Filter>Source Files</Filter>
    </ClCompile>
    <ClCompile Include="source\ResourceManagers\States\DSStates.cpp">
      <Filter>Source Files</Filter>
    </ClCompile>
    <ClCompile Include="source\ResourceManagers\States\RasterizerStates.cpp">
      <Filter>Source Files</Filter>
    </ClCompile>
    <ClCompile Include="source\ResourceManagers\States\Samplers.cpp">
      <Filter>Source Files</Filter>
    </ClCompile>
    <ClCompile Include="source\ResourceManagers\TexturesManager.cpp">
      <Filter>Source Files</Filter>
    </ClCompile>
    <ClCompile Include="source\RendererPasses\DebugRenderPass\DebugPassConstBuffer.cpp">
      <Filter>Source Files</Filter>
    </ClCompile>
    <ClCompile Include="source\RendererPasses\DebugRenderPass\DebugPassProvider.cpp">
      <Filter>Source Files</Filter>
    </ClCompile>
    <ClCompile Include="source\RendererPasses\DebugRenderPass\DebugRenderPass.cpp">
      <Filter>Source Files</Filter>
    </ClCompile>
    <ClCompile Include="source\RendererPasses\GachiBasePass.cpp">
      <Filter>Source Files</Filter>
    </ClCompile>
    <ClCompile Include="source\RendererPasses\TAARenderPass\halton.cpp">
      <Filter>Source Files</Filter>
    </ClCompile>
    <ClCompile Include="source\RendererPasses\TAARenderPass\TAARenderPass.cpp">
      <Filter>Source Files</Filter>
    </ClCompile>
    <ClCompile Include="source\RendererPasses\TAARenderPass\TAARenderPassProvider.cpp">
      <Filter>Source Files</Filter>
    </ClCompile>
    <ClCompile Include="source\RendererPasses\PBR\GBuffer.cpp">
      <Filter>PBR</Filter>
    </ClCompile>
    <ClCompile Include="source\RendererPasses\PBRPasses\OpaqueRenderPass\OpaquePassProvider.cpp">
      <Filter>Source Files</Filter>
    </ClCompile>
    <ClCompile Include="source\RendererPasses\PBRPasses\OpaqueRenderPass\OpaqueRenderPass.cpp">
      <Filter>Source Files</Filter>
    </ClCompile>
    <ClCompile Include="source\RendererPasses\PBR\PassOpaque.cpp">
      <Filter>PBR</Filter>
    </ClCompile>
    <ClCompile Include="source\RendererPasses\PBR\PassToneMap.cpp">
      <Filter>PBR</Filter>
    </ClCompile>
    <ClCompile Include="source\RendererPasses\PBR\RenderingSystemPBR.cpp">
      <Filter>PBR</Filter>
    </ClCompile>
    <ClCompile Include="source\RendererPasses\PBR\Shaders.cpp">
      <Filter>PBR</Filter>
    </ClCompile>
    <ClCompile Include="source\RendererPasses\PBR\SkyRenderer.cpp">
      <Filter>PBR</Filter>
    </ClCompile>
    <ClCompile Include="source\RendererPasses\PBRPasses\LightRenderPass\Lights.cpp">
      <Filter>Source Files</Filter>
    </ClCompile>
    <ClCompile Include="source\RendererPasses\PBR\PassLighting.cpp">
      <Filter>PBR</Filter>
    </ClCompile>
  </ItemGroup>
  <ItemGroup>
    <ClInclude Include="include\RenderEngine.h">
      <Filter>Header Files</Filter>
    </ClInclude>
    <ClInclude Include="include\RenderFlags.h">
      <Filter>Header Files</Filter>
    </ClInclude>
    <ClInclude Include="include\Utils\DrawData.h">
      <Filter>Header Files</Filter>
    </ClInclude>
    <ClInclude Include="include\Utils\VertexesData.h">
      <Filter>Header Files</Filter>
    </ClInclude>
    <ClInclude Include="source\pch.h">
      <Filter>Header Files</Filter>
    </ClInclude>
    <ClInclude Include="source\RendererPasses\ModelsRenderPass\ModelsPassConstBuffer.h">
      <Filter>Header Files</Filter>
    </ClInclude>
    <ClInclude Include="source\RendererPasses\ModelsRenderPass\ModelsPassProvider.h">
      <Filter>Header Files</Filter>
    </ClInclude>
    <ClInclude Include="source\RendererPasses\ModelsRenderPass\ModelsRenderPass.h">
      <Filter>Header Files</Filter>
    </ClInclude>
    <ClInclude Include="source\RendererPasses\UIRenderPass\UIRenderPass.h">
      <Filter>Header Files</Filter>
    </ClInclude>
    <ClInclude Include="source\RendererPasses\UIRenderPass\UIRenderPassConstBuffer.h">
      <Filter>Header Files</Filter>
    </ClInclude>
    <ClInclude Include="source\RendererPasses\UIRenderPass\UIRenderPassProvider.h">
      <Filter>Header Files</Filter>
    </ClInclude>
    <ClInclude Include="source\RenderSystem.h">
      <Filter>Header Files</Filter>
    </ClInclude>
    <ClInclude Include="source\ResourceManagers\ModelsManager.h">
      <Filter>Header Files</Filter>
    </ClInclude>
    <ClInclude Include="source\ResourceManagers\States\BlendStates.h">
      <Filter>Header Files</Filter>
    </ClInclude>
    <ClInclude Include="source\ResourceManagers\States\DSStates.h">
      <Filter>Header Files</Filter>
    </ClInclude>
    <ClInclude Include="source\ResourceManagers\States\RasterizerStates.h">
      <Filter>Header Files</Filter>
    </ClInclude>
    <ClInclude Include="source\ResourceManagers\States\Samplers.h">
      <Filter>Header Files</Filter>
    </ClInclude>
    <ClInclude Include="source\ResourceManagers\TexturesManager.h">
      <Filter>Header Files</Filter>
    </ClInclude>
    <ClInclude Include="include\RenderSettings.h">
      <Filter>Header Files</Filter>
    </ClInclude>
    <ClInclude Include="source\DynamicMeshBuffer.h">
      <Filter>Header Files</Filter>
    </ClInclude>
    <ClInclude Include="source\RendererPasses\DebugRenderPass\DebugPassConstBuffer.h">
      <Filter>Header Files</Filter>
    </ClInclude>
    <ClInclude Include="source\RendererPasses\DebugRenderPass\DebugPassProvider.h">
      <Filter>Header Files</Filter>
    </ClInclude>
    <ClInclude Include="source\RendererPasses\DebugRenderPass\DebugRenderPass.h">
      <Filter>Header Files</Filter>
    </ClInclude>
    <ClInclude Include="source\RendererPasses\GachiBasePass.h">
      <Filter>Header Files</Filter>
    </ClInclude>
    <ClInclude Include="source\RendererPasses\TAARenderPass\halton.h">
      <Filter>Header Files</Filter>
    </ClInclude>
    <ClInclude Include="source\RendererPasses\TAARenderPass\TAARenderPass.h">
      <Filter>Header Files</Filter>
    </ClInclude>
    <ClInclude Include="source\RendererPasses\TAARenderPass\TAARenderPassConstBuffer.h">
      <Filter>Header Files</Filter>
    </ClInclude>
    <ClInclude Include="source\RendererPasses\TAARenderPass\TAARenderPassProvider.h">
      <Filter>Header Files</Filter>
    </ClInclude>
    <ClInclude Include="source\RendererPasses\PBR\GBuffer.h">
      <Filter>PBR</Filter>
    </ClInclude>
    <ClInclude Include="include\Utils\ModelMesh.h">
      <Filter>Header Files</Filter>
    </ClInclude>
    <ClInclude Include="include\Utils\OpaqueModelDrawData.h">
      <Filter>Header Files</Filter>
    </ClInclude>
    <ClInclude Include="source\RendererPasses\PBRPasses\OpaqueRenderPass\OpaquePassConstBuffer.h">
      <Filter>Header Files</Filter>
    </ClInclude>
    <ClInclude Include="source\RendererPasses\PBR\SkyRenderer.h">
      <Filter>PBR</Filter>
    </ClInclude>
    <ClInclude Include="include\Utils\PBRFlags.h">
      <Filter>Header Files</Filter>
    </ClInclude>
    <ClInclude Include="source\RendererPasses\PBR\RenderingSystemPBR.h">
      <Filter>PBR</Filter>
    </ClInclude>
    <ClInclude Include="source\RendererPasses\PBRPasses\OpaqueRenderPass\OpaqueRenderPass.h">
      <Filter>Header Files</Filter>
    </ClInclude>
    <ClInclude Include="source\RendererPasses\PBRPasses\OpaqueRenderPass\OpaquePassProvider.h">
      <Filter>Header Files</Filter>
    </ClInclude>
    <ClInclude Include="source\RendererPasses\PBRPasses\LightRenderPass\Lights.h">
      <Filter>Header Files</Filter>
    </ClInclude>
  </ItemGroup>
  <ItemGroup>
    <None Include="Shaders\BloomShader.hlsl">
      <Filter>Shaders</Filter>
    </None>
    <None Include="Shaders\BSPShader.hlsl">
      <Filter>Shaders</Filter>
    </None>
    <None Include="Shaders\DebugShader.hlsl">
      <Filter>Shaders</Filter>
    </None>
    <None Include="Shaders\FXAAShader.hlsl">
      <Filter>Shaders</Filter>
    </None>
    <None Include="Shaders\ModelsShader.hlsl">
      <Filter>Shaders</Filter>
    </None>
    <None Include="Shaders\MotionBlurShader.hlsl">
      <Filter>Shaders</Filter>
    </None>
    <None Include="Shaders\ParticlesShader.hlsl">
      <Filter>Shaders</Filter>
    </None>
    <None Include="Shaders\PixelPacking_Velocity.hlsl">
      <Filter>Shaders</Filter>
    </None>
    <None Include="Shaders\PostProcessShader.hlsl">
      <Filter>Shaders</Filter>
    </None>
    <None Include="Shaders\SkyShader.hlsl">
      <Filter>Shaders</Filter>
    </None>
    <None Include="Shaders\SSAOShader.hlsl">
      <Filter>Shaders</Filter>
    </None>
    <None Include="Shaders\TAAShader.hlsl">
      <Filter>Shaders</Filter>
    </None>
    <None Include="Shaders\UIShader.hlsl">
      <Filter>Shaders</Filter>
    </None>
    <None Include="Shaders\PBRFillGBuffer.hlsl">
      <Filter>Shaders</Filter>
    </None>
    <None Include="source\RendererPasses\PBR\Shaders\PBRLighting.hlsl" />
    <None Include="source\RendererPasses\PBR\Shaders\PBRToneMapping.hlsl" />
    <None Include="source\RendererPasses\PBR\Shaders\SkyRenderingPS.hlsl" />
    <None Include="source\RendererPasses\PBR\Shaders\SkyRenderingVS.hlsl" />
    <None Include="source\RendererPasses\PBR\Shaders\SkyUpdatePS.hlsl" />
  </ItemGroup>
</Project>