<?xml version="1.0" encoding="utf-8"?>
<Project ToolsVersion="4.0" xmlns="http://schemas.microsoft.com/developer/msbuild/2003">
  <ItemGroup>
    <Filter Include="Source Files">
      <UniqueIdentifier>{4FC737F1-C7A5-4376-A066-2A32D752A2FF}</UniqueIdentifier>
      <Extensions>cpp;c;cc;cxx;def;odl;idl;hpj;bat;asm;asmx</Extensions>
    </Filter>
    <Filter Include="Header Files">
      <UniqueIdentifier>{93995380-89BD-4b04-88EB-625FBE52EBFB}</UniqueIdentifier>
      <Extensions>h;hh;hpp;hxx;hm;inl;inc;ipp;xsd</Extensions>
    </Filter>
    <Filter Include="Resource Files">
      <UniqueIdentifier>{67DA6AB6-F800-4c08-8B7A-83BB121AAD01}</UniqueIdentifier>
      <Extensions>rc;ico;cur;bmp;dlg;rc2;rct;bin;rgs;gif;jpg;jpeg;jpe;resx;tiff;tif;png;wav;mfcribbon-ms</Extensions>
    </Filter>
  </ItemGroup>
  <ItemGroup>
    <ClCompile Include="QuakeRenderEngine.cpp">
      <Filter>Source Files</Filter>
    </ClCompile>
    <ClCompile Include="source\ModelData.cpp">
      <Filter>Source Files</Filter>
    </ClCompile>
    <ClCompile Include="source\pch.cpp">
      <Filter>Source Files</Filter>
    </ClCompile>
    <ClCompile Include="source\RenderEngine.cpp">
      <Filter>Source Files</Filter>
    </ClCompile>
    <ClCompile Include="source\RendererPasses\ModelsRenderPass\ModelsPassConstBuffer.cpp">
      <Filter>Source Files</Filter>
    </ClCompile>
    <ClCompile Include="source\RendererPasses\ModelsRenderPass\ModelsPassProvider.cpp">
      <Filter>Source Files</Filter>
    </ClCompile>
    <ClCompile Include="source\RendererPasses\ModelsRenderPass\ModelsRenderPass.cpp">
      <Filter>Source Files</Filter>
    </ClCompile>
    <ClCompile Include="source\RendererPasses\UIRenderPass\UIRenderPass.cpp">
      <Filter>Source Files</Filter>
    </ClCompile>
    <ClCompile Include="source\RendererPasses\UIRenderPass\UIRenderPassConstBuffer.cpp">
      <Filter>Source Files</Filter>
    </ClCompile>
    <ClCompile Include="source\RendererPasses\UIRenderPass\UIRenderPassProvider.cpp">
      <Filter>Source Files</Filter>
    </ClCompile>
    <ClCompile Include="source\RenderSystem.cpp">
      <Filter>Source Files</Filter>
    </ClCompile>
    <ClCompile Include="source\ResourceManagers\ModelsManager.cpp">
      <Filter>Source Files</Filter>
    </ClCompile>
    <ClCompile Include="source\ResourceManagers\States\BlendStates.cpp">
      <Filter>Source Files</Filter>
    </ClCompile>
    <ClCompile Include="source\ResourceManagers\States\DSStates.cpp">
      <Filter>Source Files</Filter>
    </ClCompile>
    <ClCompile Include="source\ResourceManagers\States\RasterizerStates.cpp">
      <Filter>Source Files</Filter>
    </ClCompile>
    <ClCompile Include="source\ResourceManagers\States\Samplers.cpp">
      <Filter>Source Files</Filter>
    </ClCompile>
    <ClCompile Include="source\ResourceManagers\TexturesManager.cpp">
      <Filter>Source Files</Filter>
    </ClCompile>
  </ItemGroup>
  <ItemGroup>
    <ClInclude Include="include\RenderEngine.h">
      <Filter>Header Files</Filter>
    </ClInclude>
    <ClInclude Include="include\RenderFlags.h">
      <Filter>Header Files</Filter>
    </ClInclude>
    <ClInclude Include="include\Utils\DrawData.h">
      <Filter>Header Files</Filter>
    </ClInclude>
    <ClInclude Include="include\Utils\ModelData.h">
      <Filter>Header Files</Filter>
    </ClInclude>
    <ClInclude Include="include\Utils\VertexesData.h">
      <Filter>Header Files</Filter>
    </ClInclude>
    <ClInclude Include="source\pch.h">
      <Filter>Header Files</Filter>
    </ClInclude>
    <ClInclude Include="source\RendererPasses\ModelsRenderPass\ModelsPassConstBuffer.h">
      <Filter>Header Files</Filter>
    </ClInclude>
    <ClInclude Include="source\RendererPasses\ModelsRenderPass\ModelsPassProvider.h">
      <Filter>Header Files</Filter>
    </ClInclude>
    <ClInclude Include="source\RendererPasses\ModelsRenderPass\ModelsRenderPass.h">
      <Filter>Header Files</Filter>
    </ClInclude>
    <ClInclude Include="source\RendererPasses\UIRenderPass\UIRenderPass.h">
      <Filter>Header Files</Filter>
    </ClInclude>
    <ClInclude Include="source\RendererPasses\UIRenderPass\UIRenderPassConstBuffer.h">
      <Filter>Header Files</Filter>
    </ClInclude>
    <ClInclude Include="source\RendererPasses\UIRenderPass\UIRenderPassProvider.h">
      <Filter>Header Files</Filter>
    </ClInclude>
    <ClInclude Include="source\RenderSystem.h">
      <Filter>Header Files</Filter>
    </ClInclude>
    <ClInclude Include="source\ResourceManagers\ModelsManager.h">
      <Filter>Header Files</Filter>
    </ClInclude>
    <ClInclude Include="source\ResourceManagers\States\BlendStates.h">
      <Filter>Header Files</Filter>
    </ClInclude>
    <ClInclude Include="source\ResourceManagers\States\DSStates.h">
      <Filter>Header Files</Filter>
    </ClInclude>
    <ClInclude Include="source\ResourceManagers\States\RasterizerStates.h">
      <Filter>Header Files</Filter>
    </ClInclude>
    <ClInclude Include="source\ResourceManagers\States\Samplers.h">
      <Filter>Header Files</Filter>
    </ClInclude>
    <ClInclude Include="source\ResourceManagers\TexturesManager.h">
      <Filter>Header Files</Filter>
    </ClInclude>
  </ItemGroup>
  <ItemGroup>
    <None Include="Shaders\BloomShader.hlsl" />
    <None Include="Shaders\BSPShader.hlsl" />
    <None Include="Shaders\FXAAShader.hlsl" />
    <None Include="Shaders\ModelsShader.hlsl" />
    <None Include="Shaders\MotionBlurShader.hlsl" />
    <None Include="Shaders\ParticlesShader.hlsl" />
    <None Include="Shaders\PixelPacking_Velocity.hlsl" />
    <None Include="Shaders\PostProcessShader.hlsl" />
    <None Include="Shaders\SkyShader.hlsl" />
    <None Include="Shaders\SSAOShader.hlsl" />
    <None Include="Shaders\TAAShader.hlsl" />
    <None Include="Shaders\UIShader.hlsl" />
  </ItemGroup>
</Project>